
Microsoft Visual Studio Solution File, Format Version 12.00
# Visual Studio Version 17
VisualStudioVersion = 17.8.34322.80
MinimumVisualStudioVersion = 10.0.40219.1
Project("{FAE04EC0-301F-11D3-BF4B-00C04F79EFBC}") = "ShoroukTask", "ShoroukTask.csproj", "{BB4959C5-C2A7-46CD-A64B-95CACEEF6858}"
EndProject
Global
	GlobalSection(SolutionConfigurationPlatforms) = preSolution
		Debug|Any CPU = Debug|Any CPU
		Release|Any CPU = Release|Any CPU
	EndGlobalSection
	GlobalSection(ProjectConfigurationPlatforms) = postSolution
		{BB4959C5-C2A7-46CD-A64B-95CACEEF6858}.Debug|Any CPU.ActiveCfg = Debug|Any CPU
		{BB4959C5-C2A7-46CD-A64B-95CACEEF6858}.Debug|Any CPU.Build.0 = Debug|Any CPU
		{BB4959C5-C2A7-46CD-A64B-95CACEEF6858}.Release|Any CPU.ActiveCfg = Release|Any CPU
		{BB4959C5-C2A7-46CD-A64B-95CACEEF6858}.Release|Any CPU.Build.0 = Release|Any CPU
	EndGlobalSection
	GlobalSection(SolutionProperties) = preSolution
		HideSolutionNode = FALSE
	EndGlobalSection
	GlobalSection(ExtensibilityGlobals) = postSolution
		SolutionGuid = {60DC2A57-6023-4647-83DC-8AB2E859C3DB}
	EndGlobalSection
EndGlobal
